
Microsoft Visual Studio Solution File, Format Version 12.00
# Visual Studio 15
Project("{FAE04EC0-301F-11D3-BF4B-00C04F79EFBC}") = "DropShip", "DropShip.csproj", "{8C90FE1E-7C9D-4BE2-AFE5-24F83A4917CB}"
EndProject
Global
	GlobalSection(SolutionConfigurationPlatforms) = preSolution
		Debug|Any CPU = Debug|Any CPU
		Release|Any CPU = Release|Any CPU
	EndGlobalSection
	GlobalSection(ProjectConfigurationPlatforms) = postSolution
		{8C90FE1E-7C9D-4BE2-AFE5-24F83A4917CB}.Debug|Any CPU.ActiveCfg = Debug|Any CPU
		{8C90FE1E-7C9D-4BE2-AFE5-24F83A4917CB}.Debug|Any CPU.Build.0 = Debug|Any CPU
		{8C90FE1E-7C9D-4BE2-AFE5-24F83A4917CB}.Release|Any CPU.ActiveCfg = Release|Any CPU
		{8C90FE1E-7C9D-4BE2-AFE5-24F83A4917CB}.Release|Any CPU.Build.0 = Release|Any CPU
	EndGlobalSection
EndGlobal
